{
  "version": 4,
  "terraform_version": "1.1.2",
  "serial": 99,
  "lineage": "b0235f95-5a40-58ef-2cfb-9c44537ba272",
  "outputs": {},
  "resources": [
    {
      "mode": "managed",
      "type": "google_compute_address",
      "name": "appserver-static-ip",
      "provider": "provider[\"registry.terraform.io/hashicorp/google\"]",
      "instances": [
        {
          "schema_version": 0,
          "attributes": {
            "address": "34.140.24.196",
            "address_type": "EXTERNAL",
            "creation_timestamp": "2022-01-12T14:02:43.711-08:00",
            "description": "",
            "id": "projects/diplomovka-334620/regions/europe-west1/addresses/appserver-static-ip",
            "name": "appserver-static-ip",
            "network_tier": "PREMIUM",
            "project": "diplomovka-334620",
            "purpose": "",
            "region": "europe-west1",
            "self_link": "https://www.googleapis.com/compute/v1/projects/diplomovka-334620/regions/europe-west1/addresses/appserver-static-ip",
            "subnetwork": "",
            "timeouts": null,
            "users": []
          },
          "sensitive_attributes": [],
          "private": "eyJlMmJmYjczMC1lY2FhLTExZTYtOGY4OC0zNDM2M2JjN2M0YzAiOnsiY3JlYXRlIjoyNDAwMDAwMDAwMDAsImRlbGV0ZSI6MjQwMDAwMDAwMDAwfX0="
        }
      ]
    },
    {
      "mode": "managed",
      "type": "google_compute_address",
      "name": "ops-static-ip",
      "provider": "provider[\"registry.terraform.io/hashicorp/google\"]",
      "instances": [
        {
          "schema_version": 0,
          "attributes": {
            "address": "146.148.15.94",
            "address_type": "EXTERNAL",
            "creation_timestamp": "2022-01-12T14:02:43.875-08:00",
            "description": "",
            "id": "projects/diplomovka-334620/regions/europe-west1/addresses/ops-static-ip",
            "name": "ops-static-ip",
            "network_tier": "PREMIUM",
            "project": "diplomovka-334620",
            "purpose": "",
            "region": "europe-west1",
            "self_link": "https://www.googleapis.com/compute/v1/projects/diplomovka-334620/regions/europe-west1/addresses/ops-static-ip",
            "subnetwork": "",
            "timeouts": null,
            "users": []
          },
          "sensitive_attributes": [],
          "private": "eyJlMmJmYjczMC1lY2FhLTExZTYtOGY4OC0zNDM2M2JjN2M0YzAiOnsiY3JlYXRlIjoyNDAwMDAwMDAwMDAsImRlbGV0ZSI6MjQwMDAwMDAwMDAwfX0="
        }
      ]
    },
    {
      "mode": "managed",
      "type": "google_compute_instance",
      "name": "diplomovka_master",
      "provider": "provider[\"registry.terraform.io/hashicorp/google\"]",
      "instances": [
        {
          "schema_version": 6,
          "attributes": {
            "allow_stopping_for_update": null,
            "attached_disk": [],
            "boot_disk": [
              {
                "auto_delete": true,
                "device_name": "persistent-disk-0",
                "disk_encryption_key_raw": "",
                "disk_encryption_key_sha256": "",
                "initialize_params": [
                  {
                    "image": "https://www.googleapis.com/compute/v1/projects/ubuntu-os-cloud/global/images/ubuntu-1804-bionic-v20211214",
                    "labels": {},
                    "size": 20,
                    "type": "pd-standard"
                  }
                ],
                "kms_key_self_link": "",
                "mode": "READ_WRITE",
                "source": "https://www.googleapis.com/compute/v1/projects/diplomovka-334620/zones/europe-west1-b/disks/diplomovka-ops"
              }
            ],
            "can_ip_forward": false,
            "cpu_platform": "Intel Broadwell",
            "deletion_protection": false,
            "description": "Vytvori UBUNTU Saltmaster server",
            "enable_display": false,
            "guest_accelerator": [],
            "hostname": "",
            "id": "projects/diplomovka-334620/zones/europe-west1-b/instances/diplomovka-ops",
            "instance_id": "5322257909444439783",
            "label_fingerprint": "42WmSpB8rSM=",
            "labels": null,
            "machine_type": "e2-standard-2",
            "metadata": null,
            "metadata_fingerprint": "RRblB8AQSlg=",
            "metadata_startup_script": "",
            "min_cpu_platform": "",
            "name": "diplomovka-ops",
            "network_interface": [
              {
                "access_config": [
                  {
                    "nat_ip": "146.148.15.94",
                    "network_tier": "PREMIUM",
                    "public_ptr_domain_name": ""
                  }
                ],
                "alias_ip_range": [],
                "name": "nic0",
                "network": "https://www.googleapis.com/compute/v1/projects/diplomovka-334620/global/networks/default",
                "network_ip": "10.132.0.3",
                "subnetwork": "https://www.googleapis.com/compute/v1/projects/diplomovka-334620/regions/europe-west1/subnetworks/default",
                "subnetwork_project": "diplomovka-334620"
              }
            ],
            "project": "diplomovka-334620",
            "scheduling": [
              {
                "automatic_restart": true,
                "node_affinities": [],
                "on_host_maintenance": "MIGRATE",
                "preemptible": false
              }
            ],
            "scratch_disk": [],
            "self_link": "https://www.googleapis.com/compute/v1/projects/diplomovka-334620/zones/europe-west1-b/instances/diplomovka-ops",
            "service_account": [],
            "shielded_instance_config": [
              {
                "enable_integrity_monitoring": true,
                "enable_secure_boot": false,
                "enable_vtpm": true
              }
            ],
            "tags": [
              "saltmaster",
              "saltminion",
              "stackstorm",
              "ubuntu"
            ],
            "tags_fingerprint": "-oY8UJLNT7I=",
            "timeouts": null,
            "zone": "europe-west1-b"
          },
          "sensitive_attributes": [],
          "private": "eyJlMmJmYjczMC1lY2FhLTExZTYtOGY4OC0zNDM2M2JjN2M0YzAiOnsiY3JlYXRlIjoxMjAwMDAwMDAwMDAwLCJkZWxldGUiOjEyMDAwMDAwMDAwMDAsInVwZGF0ZSI6MTIwMDAwMDAwMDAwMH0sInNjaGVtYV92ZXJzaW9uIjoiNiJ9",
          "dependencies": [
            "google_compute_address.ops-static-ip"
          ]
        }
      ]
    },
    {
      "mode": "managed",
      "type": "google_compute_instance",
      "name": "diplomovka_minion",
      "provider": "provider[\"registry.terraform.io/hashicorp/google\"]",
      "instances": [
        {
          "schema_version": 6,
          "attributes": {
            "allow_stopping_for_update": null,
            "attached_disk": [],
            "boot_disk": [
              {
                "auto_delete": true,
                "device_name": "persistent-disk-0",
                "disk_encryption_key_raw": "",
                "disk_encryption_key_sha256": "",
                "initialize_params": [
                  {
                    "image": "https://www.googleapis.com/compute/v1/projects/centos-cloud/global/images/centos-8-v20211214",
                    "labels": {},
                    "size": 20,
                    "type": "pd-standard"
                  }
                ],
                "kms_key_self_link": "",
                "mode": "READ_WRITE",
                "source": "https://www.googleapis.com/compute/v1/projects/diplomovka-334620/zones/europe-west1-b/disks/diplomovka-app"
              }
            ],
            "can_ip_forward": false,
            "cpu_platform": "Intel Broadwell",
            "deletion_protection": false,
            "description": "Vytvori CentOS Salt-minion server",
            "enable_display": false,
            "guest_accelerator": [],
            "hostname": "",
            "id": "projects/diplomovka-334620/zones/europe-west1-b/instances/diplomovka-app",
            "instance_id": "2656443576505003751",
            "label_fingerprint": "42WmSpB8rSM=",
            "labels": null,
            "machine_type": "e2-medium",
            "metadata": null,
            "metadata_fingerprint": "RRblB8AQSlg=",
            "metadata_startup_script": "",
            "min_cpu_platform": "",
            "name": "diplomovka-app",
            "network_interface": [
              {
                "access_config": [
                  {
                    "nat_ip": "34.140.24.196",
                    "network_tier": "PREMIUM",
                    "public_ptr_domain_name": ""
                  }
                ],
                "alias_ip_range": [],
                "name": "nic0",
                "network": "https://www.googleapis.com/compute/v1/projects/diplomovka-334620/global/networks/default",
                "network_ip": "10.132.0.4",
                "subnetwork": "https://www.googleapis.com/compute/v1/projects/diplomovka-334620/regions/europe-west1/subnetworks/default",
                "subnetwork_project": "diplomovka-334620"
              }
            ],
            "project": "diplomovka-334620",
            "scheduling": [
              {
                "automatic_restart": true,
                "node_affinities": [],
                "on_host_maintenance": "MIGRATE",
                "preemptible": false
              }
            ],
            "scratch_disk": [],
            "self_link": "https://www.googleapis.com/compute/v1/projects/diplomovka-334620/zones/europe-west1-b/instances/diplomovka-app",
            "service_account": [],
            "shielded_instance_config": [
              {
                "enable_integrity_monitoring": true,
                "enable_secure_boot": false,
                "enable_vtpm": true
              }
            ],
            "tags": [
              "appserver",
              "centos",
              "saltminion"
            ],
            "tags_fingerprint": "O7YuLggMEHI=",
            "timeouts": null,
            "zone": "europe-west1-b"
          },
          "sensitive_attributes": [],
          "private": "eyJlMmJmYjczMC1lY2FhLTExZTYtOGY4OC0zNDM2M2JjN2M0YzAiOnsiY3JlYXRlIjoxMjAwMDAwMDAwMDAwLCJkZWxldGUiOjEyMDAwMDAwMDAwMDAsInVwZGF0ZSI6MTIwMDAwMDAwMDAwMH0sInNjaGVtYV92ZXJzaW9uIjoiNiJ9",
          "dependencies": [
            "google_compute_address.appserver-static-ip"
          ]
        }
      ]
    }
  ]
}
